// !$*UTF8*$!
{
	archiveVersion = 1;
	classes = {
	};
	objectVersion = 50;
	objects = {

/* Begin PBXBuildFile section */
		8B088E8D268874D800BAC652 /* AppDelegate.swift in Sources */ = {isa = PBXBuildFile; fileRef = 8B088E8C268874D800BAC652 /* AppDelegate.swift */; };
		8B088E8F268874D800BAC652 /* SceneDelegate.swift in Sources */ = {isa = PBXBuildFile; fileRef = 8B088E8E268874D800BAC652 /* SceneDelegate.swift */; };
		8B088E91268874D800BAC652 /* HomeViewController.swift in Sources */ = {isa = PBXBuildFile; fileRef = 8B088E90268874D800BAC652 /* HomeViewController.swift */; };
		8B088E96268874DF00BAC652 /* Assets.xcassets in Resources */ = {isa = PBXBuildFile; fileRef = 8B088E95268874DF00BAC652 /* Assets.xcassets */; };
		8B088E99268874DF00BAC652 /* LaunchScreen.storyboard in Resources */ = {isa = PBXBuildFile; fileRef = 8B088E97268874DF00BAC652 /* LaunchScreen.storyboard */; };
		8B088EA72688C3FA00BAC652 /* TabBarViewController.swift in Sources */ = {isa = PBXBuildFile; fileRef = 8B088EA62688C3FA00BAC652 /* TabBarViewController.swift */; };
		8B088EA92688C43D00BAC652 /* SearchViewController.swift in Sources */ = {isa = PBXBuildFile; fileRef = 8B088EA82688C43D00BAC652 /* SearchViewController.swift */; };
		8B088EAB2688C45A00BAC652 /* LibraryViewController.swift in Sources */ = {isa = PBXBuildFile; fileRef = 8B088EAA2688C45A00BAC652 /* LibraryViewController.swift */; };
		8B088EAF2688C4A300BAC652 /* AuthViewController.swift in Sources */ = {isa = PBXBuildFile; fileRef = 8B088EAE2688C4A300BAC652 /* AuthViewController.swift */; };
		8B088EB12688C4B700BAC652 /* WelcomeViewController.swift in Sources */ = {isa = PBXBuildFile; fileRef = 8B088EB02688C4B700BAC652 /* WelcomeViewController.swift */; };
		8B088EB32688C4D400BAC652 /* SettingsViewController.swift in Sources */ = {isa = PBXBuildFile; fileRef = 8B088EB22688C4D400BAC652 /* SettingsViewController.swift */; };
		8B088EB52688C4EE00BAC652 /* ProfileViewController.swift in Sources */ = {isa = PBXBuildFile; fileRef = 8B088EB42688C4EE00BAC652 /* ProfileViewController.swift */; };
		8B088EB72688C50600BAC652 /* PlayerViewController.swift in Sources */ = {isa = PBXBuildFile; fileRef = 8B088EB62688C50600BAC652 /* PlayerViewController.swift */; };
		8B088EB92688C52600BAC652 /* PlaylistViewController.swift in Sources */ = {isa = PBXBuildFile; fileRef = 8B088EB82688C52600BAC652 /* PlaylistViewController.swift */; };
		8B088EBB2688C54200BAC652 /* SearchResultsViewController.swift in Sources */ = {isa = PBXBuildFile; fileRef = 8B088EBA2688C54200BAC652 /* SearchResultsViewController.swift */; };
		8B088EBD2688C57400BAC652 /* AuthManager.swift in Sources */ = {isa = PBXBuildFile; fileRef = 8B088EBC2688C57400BAC652 /* AuthManager.swift */; };
		8B088EBF2688C59000BAC652 /* APICaller.swift in Sources */ = {isa = PBXBuildFile; fileRef = 8B088EBE2688C59000BAC652 /* APICaller.swift */; };
		8B088EC12688C5AA00BAC652 /* HapticsManager.swift in Sources */ = {isa = PBXBuildFile; fileRef = 8B088EC02688C5AA00BAC652 /* HapticsManager.swift */; };
		8B088EC32688C5DE00BAC652 /* Playlist.swift in Sources */ = {isa = PBXBuildFile; fileRef = 8B088EC22688C5DE00BAC652 /* Playlist.swift */; };
		8B088EC52688C5F500BAC652 /* AudioTrack.swift in Sources */ = {isa = PBXBuildFile; fileRef = 8B088EC42688C5F500BAC652 /* AudioTrack.swift */; };
		8B088EC72688C60D00BAC652 /* Artist.swift in Sources */ = {isa = PBXBuildFile; fileRef = 8B088EC62688C60D00BAC652 /* Artist.swift */; };
		8B088EC92688C61D00BAC652 /* UserProfile.swift in Sources */ = {isa = PBXBuildFile; fileRef = 8B088EC82688C61D00BAC652 /* UserProfile.swift */; };
		8B088ECB2689293300BAC652 /* Extensions.swift in Sources */ = {isa = PBXBuildFile; fileRef = 8B088ECA2689293300BAC652 /* Extensions.swift */; };
/* End PBXBuildFile section */

/* Begin PBXFileReference section */
		8B088E89268874D800BAC652 /* AlphaSound.app */ = {isa = PBXFileReference; explicitFileType = wrapper.application; includeInIndex = 0; path = AlphaSound.app; sourceTree = BUILT_PRODUCTS_DIR; };
		8B088E8C268874D800BAC652 /* AppDelegate.swift */ = {isa = PBXFileReference; lastKnownFileType = sourcecode.swift; path = AppDelegate.swift; sourceTree = "<group>"; };
		8B088E8E268874D800BAC652 /* SceneDelegate.swift */ = {isa = PBXFileReference; lastKnownFileType = sourcecode.swift; path = SceneDelegate.swift; sourceTree = "<group>"; };
		8B088E90268874D800BAC652 /* HomeViewController.swift */ = {isa = PBXFileReference; lastKnownFileType = sourcecode.swift; path = HomeViewController.swift; sourceTree = "<group>"; };
		8B088E95268874DF00BAC652 /* Assets.xcassets */ = {isa = PBXFileReference; lastKnownFileType = folder.assetcatalog; path = Assets.xcassets; sourceTree = "<group>"; };
		8B088E98268874DF00BAC652 /* Base */ = {isa = PBXFileReference; lastKnownFileType = file.storyboard; name = Base; path = Base.lproj/LaunchScreen.storyboard; sourceTree = "<group>"; };
		8B088E9A268874DF00BAC652 /* Info.plist */ = {isa = PBXFileReference; lastKnownFileType = text.plist.xml; path = Info.plist; sourceTree = "<group>"; };
		8B088EA62688C3FA00BAC652 /* TabBarViewController.swift */ = {isa = PBXFileReference; lastKnownFileType = sourcecode.swift; path = TabBarViewController.swift; sourceTree = "<group>"; };
		8B088EA82688C43D00BAC652 /* SearchViewController.swift */ = {isa = PBXFileReference; lastKnownFileType = sourcecode.swift; path = SearchViewController.swift; sourceTree = "<group>"; };
		8B088EAA2688C45A00BAC652 /* LibraryViewController.swift */ = {isa = PBXFileReference; lastKnownFileType = sourcecode.swift; path = LibraryViewController.swift; sourceTree = "<group>"; };
		8B088EAE2688C4A300BAC652 /* AuthViewController.swift */ = {isa = PBXFileReference; lastKnownFileType = sourcecode.swift; path = AuthViewController.swift; sourceTree = "<group>"; };
		8B088EB02688C4B700BAC652 /* WelcomeViewController.swift */ = {isa = PBXFileReference; lastKnownFileType = sourcecode.swift; path = WelcomeViewController.swift; sourceTree = "<group>"; };
		8B088EB22688C4D400BAC652 /* SettingsViewController.swift */ = {isa = PBXFileReference; lastKnownFileType = sourcecode.swift; path = SettingsViewController.swift; sourceTree = "<group>"; };
		8B088EB42688C4EE00BAC652 /* ProfileViewController.swift */ = {isa = PBXFileReference; lastKnownFileType = sourcecode.swift; path = ProfileViewController.swift; sourceTree = "<group>"; };
		8B088EB62688C50600BAC652 /* PlayerViewController.swift */ = {isa = PBXFileReference; lastKnownFileType = sourcecode.swift; path = PlayerViewController.swift; sourceTree = "<group>"; };
		8B088EB82688C52600BAC652 /* PlaylistViewController.swift */ = {isa = PBXFileReference; lastKnownFileType = sourcecode.swift; path = PlaylistViewController.swift; sourceTree = "<group>"; };
		8B088EBA2688C54200BAC652 /* SearchResultsViewController.swift */ = {isa = PBXFileReference; lastKnownFileType = sourcecode.swift; path = SearchResultsViewController.swift; sourceTree = "<group>"; };
		8B088EBC2688C57400BAC652 /* AuthManager.swift */ = {isa = PBXFileReference; lastKnownFileType = sourcecode.swift; path = AuthManager.swift; sourceTree = "<group>"; };
		8B088EBE2688C59000BAC652 /* APICaller.swift */ = {isa = PBXFileReference; lastKnownFileType = sourcecode.swift; path = APICaller.swift; sourceTree = "<group>"; };
		8B088EC02688C5AA00BAC652 /* HapticsManager.swift */ = {isa = PBXFileReference; lastKnownFileType = sourcecode.swift; path = HapticsManager.swift; sourceTree = "<group>"; };
		8B088EC22688C5DE00BAC652 /* Playlist.swift */ = {isa = PBXFileReference; lastKnownFileType = sourcecode.swift; path = Playlist.swift; sourceTree = "<group>"; };
		8B088EC42688C5F500BAC652 /* AudioTrack.swift */ = {isa = PBXFileReference; lastKnownFileType = sourcecode.swift; path = AudioTrack.swift; sourceTree = "<group>"; };
		8B088EC62688C60D00BAC652 /* Artist.swift */ = {isa = PBXFileReference; lastKnownFileType = sourcecode.swift; path = Artist.swift; sourceTree = "<group>"; };
		8B088EC82688C61D00BAC652 /* UserProfile.swift */ = {isa = PBXFileReference; lastKnownFileType = sourcecode.swift; path = UserProfile.swift; sourceTree = "<group>"; };
		8B088ECA2689293300BAC652 /* Extensions.swift */ = {isa = PBXFileReference; lastKnownFileType = sourcecode.swift; path = Extensions.swift; sourceTree = "<group>"; };
/* End PBXFileReference section */

/* Begin PBXFrameworksBuildPhase section */
		8B088E86268874D800BAC652 /* Frameworks */ = {
			isa = PBXFrameworksBuildPhase;
			buildActionMask = 2147483647;
			files = (
			);
			runOnlyForDeploymentPostprocessing = 0;
		};
/* End PBXFrameworksBuildPhase section */

/* Begin PBXGroup section */
		8B088E80268874D800BAC652 = {
			isa = PBXGroup;
			children = (
				8B088E8B268874D800BAC652 /* AlphaSound */,
				8B088E8A268874D800BAC652 /* Products */,
			);
			sourceTree = "<group>";
		};
		8B088E8A268874D800BAC652 /* Products */ = {
			isa = PBXGroup;
			children = (
				8B088E89268874D800BAC652 /* AlphaSound.app */,
			);
			name = Products;
			sourceTree = "<group>";
		};
		8B088E8B268874D800BAC652 /* AlphaSound */ = {
			isa = PBXGroup;
			children = (
				8B088EA52688A0E800BAC652 /* Resources */,
				8B088EA42688A0E000BAC652 /* Managers */,
				8B088EA32688A0D600BAC652 /* ViewModels */,
				8B088EA22688A0C900BAC652 /* Models */,
				8B088EA12688A0C400BAC652 /* Views */,
				8B088EA02688A0BE00BAC652 /* Controllers */,
				8B088E9A268874DF00BAC652 /* Info.plist */,
			);
			path = AlphaSound;
			sourceTree = "<group>";
		};
		8B088EA02688A0BE00BAC652 /* Controllers */ = {
			isa = PBXGroup;
			children = (
				8B088EAD2688C48B00BAC652 /* Other */,
				8B088EAC2688C47100BAC652 /* Core */,
			);
			path = Controllers;
			sourceTree = "<group>";
		};
		8B088EA12688A0C400BAC652 /* Views */ = {
			isa = PBXGroup;
			children = (
				8B088E97268874DF00BAC652 /* LaunchScreen.storyboard */,
			);
			path = Views;
			sourceTree = "<group>";
		};
		8B088EA22688A0C900BAC652 /* Models */ = {
			isa = PBXGroup;
			children = (
				8B088EC22688C5DE00BAC652 /* Playlist.swift */,
				8B088EC42688C5F500BAC652 /* AudioTrack.swift */,
				8B088EC62688C60D00BAC652 /* Artist.swift */,
				8B088EC82688C61D00BAC652 /* UserProfile.swift */,
			);
			path = Models;
			sourceTree = "<group>";
		};
		8B088EA32688A0D600BAC652 /* ViewModels */ = {
			isa = PBXGroup;
			children = (
			);
			path = ViewModels;
			sourceTree = "<group>";
		};
		8B088EA42688A0E000BAC652 /* Managers */ = {
			isa = PBXGroup;
			children = (
				8B088EBC2688C57400BAC652 /* AuthManager.swift */,
				8B088EBE2688C59000BAC652 /* APICaller.swift */,
				8B088EC02688C5AA00BAC652 /* HapticsManager.swift */,
			);
			path = Managers;
			sourceTree = "<group>";
		};
		8B088EA52688A0E800BAC652 /* Resources */ = {
			isa = PBXGroup;
			children = (
				8B088E95268874DF00BAC652 /* Assets.xcassets */,
				8B088E8E268874D800BAC652 /* SceneDelegate.swift */,
				8B088E8C268874D800BAC652 /* AppDelegate.swift */,
				8B088ECA2689293300BAC652 /* Extensions.swift */,
			);
			path = Resources;
			sourceTree = "<group>";
		};
		8B088EAC2688C47100BAC652 /* Core */ = {
			isa = PBXGroup;
			children = (
				8B088E90268874D800BAC652 /* HomeViewController.swift */,
				8B088EA62688C3FA00BAC652 /* TabBarViewController.swift */,
				8B088EA82688C43D00BAC652 /* SearchViewController.swift */,
				8B088EAA2688C45A00BAC652 /* LibraryViewController.swift */,
			);
			path = Core;
			sourceTree = "<group>";
		};
		8B088EAD2688C48B00BAC652 /* Other */ = {
			isa = PBXGroup;
			children = (
				8B088EAE2688C4A300BAC652 /* AuthViewController.swift */,
				8B088EB02688C4B700BAC652 /* WelcomeViewController.swift */,
				8B088EB22688C4D400BAC652 /* SettingsViewController.swift */,
				8B088EB42688C4EE00BAC652 /* ProfileViewController.swift */,
				8B088EB62688C50600BAC652 /* PlayerViewController.swift */,
				8B088EB82688C52600BAC652 /* PlaylistViewController.swift */,
				8B088EBA2688C54200BAC652 /* SearchResultsViewController.swift */,
			);
			path = Other;
			sourceTree = "<group>";
		};
/* End PBXGroup section */

/* Begin PBXNativeTarget section */
		8B088E88268874D800BAC652 /* AlphaSound */ = {
			isa = PBXNativeTarget;
			buildConfigurationList = 8B088E9D268874DF00BAC652 /* Build configuration list for PBXNativeTarget "AlphaSound" */;
			buildPhases = (
				8B088E85268874D800BAC652 /* Sources */,
				8B088E86268874D800BAC652 /* Frameworks */,
				8B088E87268874D800BAC652 /* Resources */,
			);
			buildRules = (
			);
			dependencies = (
			);
			name = AlphaSound;
			productName = AlphaSound;
			productReference = 8B088E89268874D800BAC652 /* AlphaSound.app */;
			productType = "com.apple.product-type.application";
		};
/* End PBXNativeTarget section */

/* Begin PBXProject section */
		8B088E81268874D800BAC652 /* Project object */ = {
			isa = PBXProject;
			attributes = {
				LastSwiftUpdateCheck = 1250;
				LastUpgradeCheck = 1250;
				TargetAttributes = {
					8B088E88268874D800BAC652 = {
						CreatedOnToolsVersion = 12.5;
					};
				};
			};
			buildConfigurationList = 8B088E84268874D800BAC652 /* Build configuration list for PBXProject "AlphaSound" */;
			compatibilityVersion = "Xcode 9.3";
			developmentRegion = en;
			hasScannedForEncodings = 0;
			knownRegions = (
				en,
				Base,
			);
			mainGroup = 8B088E80268874D800BAC652;
			productRefGroup = 8B088E8A268874D800BAC652 /* Products */;
			projectDirPath = "";
			projectRoot = "";
			targets = (
				8B088E88268874D800BAC652 /* AlphaSound */,
			);
		};
/* End PBXProject section */

/* Begin PBXResourcesBuildPhase section */
		8B088E87268874D800BAC652 /* Resources */ = {
			isa = PBXResourcesBuildPhase;
			buildActionMask = 2147483647;
			files = (
				8B088E99268874DF00BAC652 /* LaunchScreen.storyboard in Resources */,
				8B088E96268874DF00BAC652 /* Assets.xcassets in Resources */,
			);
			runOnlyForDeploymentPostprocessing = 0;
		};
/* End PBXResourcesBuildPhase section */

/* Begin PBXSourcesBuildPhase section */
		8B088E85268874D800BAC652 /* Sources */ = {
			isa = PBXSourcesBuildPhase;
			buildActionMask = 2147483647;
			files = (
				8B088EA92688C43D00BAC652 /* SearchViewController.swift in Sources */,
				8B088EC92688C61D00BAC652 /* UserProfile.swift in Sources */,
				8B088EC32688C5DE00BAC652 /* Playlist.swift in Sources */,
				8B088EBD2688C57400BAC652 /* AuthManager.swift in Sources */,
				8B088EBB2688C54200BAC652 /* SearchResultsViewController.swift in Sources */,
				8B088EB12688C4B700BAC652 /* WelcomeViewController.swift in Sources */,
				8B088EB52688C4EE00BAC652 /* ProfileViewController.swift in Sources */,
				8B088EA72688C3FA00BAC652 /* TabBarViewController.swift in Sources */,
				8B088EC12688C5AA00BAC652 /* HapticsManager.swift in Sources */,
				8B088EC52688C5F500BAC652 /* AudioTrack.swift in Sources */,
				8B088E91268874D800BAC652 /* HomeViewController.swift in Sources */,
				8B088EAF2688C4A300BAC652 /* AuthViewController.swift in Sources */,
				8B088E8D268874D800BAC652 /* AppDelegate.swift in Sources */,
				8B088ECB2689293300BAC652 /* Extensions.swift in Sources */,
				8B088EAB2688C45A00BAC652 /* LibraryViewController.swift in Sources */,
				8B088EC72688C60D00BAC652 /* Artist.swift in Sources */,
				8B088EB92688C52600BAC652 /* PlaylistViewController.swift in Sources */,
				8B088E8F268874D800BAC652 /* SceneDelegate.swift in Sources */,
				8B088EB72688C50600BAC652 /* PlayerViewController.swift in Sources */,
				8B088EBF2688C59000BAC652 /* APICaller.swift in Sources */,
				8B088EB32688C4D400BAC652 /* SettingsViewController.swift in Sources */,
			);
			runOnlyForDeploymentPostprocessing = 0;
		};
/* End PBXSourcesBuildPhase section */

/* Begin PBXVariantGroup section */
		8B088E97268874DF00BAC652 /* LaunchScreen.storyboard */ = {
			isa = PBXVariantGroup;
			children = (
				8B088E98268874DF00BAC652 /* Base */,
			);
			name = LaunchScreen.storyboard;
			sourceTree = "<group>";
		};
/* End PBXVariantGroup section */

/* Begin XCBuildConfiguration section */
		8B088E9B268874DF00BAC652 /* Debug */ = {
			isa = XCBuildConfiguration;
			buildSettings = {
				ALWAYS_SEARCH_USER_PATHS = NO;
				CLANG_ANALYZER_NONNULL = YES;
				CLANG_ANALYZER_NUMBER_OBJECT_CONVERSION = YES_AGGRESSIVE;
				CLANG_CXX_LANGUAGE_STANDARD = "gnu++14";
				CLANG_CXX_LIBRARY = "libc++";
				CLANG_ENABLE_MODULES = YES;
				CLANG_ENABLE_OBJC_ARC = YES;
				CLANG_ENABLE_OBJC_WEAK = YES;
				CLANG_WARN_BLOCK_CAPTURE_AUTORELEASING = YES;
				CLANG_WARN_BOOL_CONVERSION = YES;
				CLANG_WARN_COMMA = YES;
				CLANG_WARN_CONSTANT_CONVERSION = YES;
				CLANG_WARN_DEPRECATED_OBJC_IMPLEMENTATIONS = YES;
				CLANG_WARN_DIRECT_OBJC_ISA_USAGE = YES_ERROR;
				CLANG_WARN_DOCUMENTATION_COMMENTS = YES;
				CLANG_WARN_EMPTY_BODY = YES;
				CLANG_WARN_ENUM_CONVERSION = YES;
				CLANG_WARN_INFINITE_RECURSION = YES;
				CLANG_WARN_INT_CONVERSION = YES;
				CLANG_WARN_NON_LITERAL_NULL_CONVERSION = YES;
				CLANG_WARN_OBJC_IMPLICIT_RETAIN_SELF = YES;
				CLANG_WARN_OBJC_LITERAL_CONVERSION = YES;
				CLANG_WARN_OBJC_ROOT_CLASS = YES_ERROR;
				CLANG_WARN_QUOTED_INCLUDE_IN_FRAMEWORK_HEADER = YES;
				CLANG_WARN_RANGE_LOOP_ANALYSIS = YES;
				CLANG_WARN_STRICT_PROTOTYPES = YES;
				CLANG_WARN_SUSPICIOUS_MOVE = YES;
				CLANG_WARN_UNGUARDED_AVAILABILITY = YES_AGGRESSIVE;
				CLANG_WARN_UNREACHABLE_CODE = YES;
				CLANG_WARN__DUPLICATE_METHOD_MATCH = YES;
				COPY_PHASE_STRIP = NO;
				DEBUG_INFORMATION_FORMAT = dwarf;
				ENABLE_STRICT_OBJC_MSGSEND = YES;
				ENABLE_TESTABILITY = YES;
				GCC_C_LANGUAGE_STANDARD = gnu11;
				GCC_DYNAMIC_NO_PIC = NO;
				GCC_NO_COMMON_BLOCKS = YES;
				GCC_OPTIMIZATION_LEVEL = 0;
				GCC_PREPROCESSOR_DEFINITIONS = (
					"DEBUG=1",
					"$(inherited)",
				);
				GCC_WARN_64_TO_32_BIT_CONVERSION = YES;
				GCC_WARN_ABOUT_RETURN_TYPE = YES_ERROR;
				GCC_WARN_UNDECLARED_SELECTOR = YES;
				GCC_WARN_UNINITIALIZED_AUTOS = YES_AGGRESSIVE;
				GCC_WARN_UNUSED_FUNCTION = YES;
				GCC_WARN_UNUSED_VARIABLE = YES;
				IPHONEOS_DEPLOYMENT_TARGET = 14.5;
				MTL_ENABLE_DEBUG_INFO = INCLUDE_SOURCE;
				MTL_FAST_MATH = YES;
				ONLY_ACTIVE_ARCH = YES;
				SDKROOT = iphoneos;
				SWIFT_ACTIVE_COMPILATION_CONDITIONS = DEBUG;
				SWIFT_OPTIMIZATION_LEVEL = "-Onone";
			};
			name = Debug;
		};
		8B088E9C268874DF00BAC652 /* Release */ = {
			isa = XCBuildConfiguration;
			buildSettings = {
				ALWAYS_SEARCH_USER_PATHS = NO;
				CLANG_ANALYZER_NONNULL = YES;
				CLANG_ANALYZER_NUMBER_OBJECT_CONVERSION = YES_AGGRESSIVE;
				CLANG_CXX_LANGUAGE_STANDARD = "gnu++14";
				CLANG_CXX_LIBRARY = "libc++";
				CLANG_ENABLE_MODULES = YES;
				CLANG_ENABLE_OBJC_ARC = YES;
				CLANG_ENABLE_OBJC_WEAK = YES;
				CLANG_WARN_BLOCK_CAPTURE_AUTORELEASING = YES;
				CLANG_WARN_BOOL_CONVERSION = YES;
				CLANG_WARN_COMMA = YES;
				CLANG_WARN_CONSTANT_CONVERSION = YES;
				CLANG_WARN_DEPRECATED_OBJC_IMPLEMENTATIONS = YES;
				CLANG_WARN_DIRECT_OBJC_ISA_USAGE = YES_ERROR;
				CLANG_WARN_DOCUMENTATION_COMMENTS = YES;
				CLANG_WARN_EMPTY_BODY = YES;
				CLANG_WARN_ENUM_CONVERSION = YES;
				CLANG_WARN_INFINITE_RECURSION = YES;
				CLANG_WARN_INT_CONVERSION = YES;
				CLANG_WARN_NON_LITERAL_NULL_CONVERSION = YES;
				CLANG_WARN_OBJC_IMPLICIT_RETAIN_SELF = YES;
				CLANG_WARN_OBJC_LITERAL_CONVERSION = YES;
				CLANG_WARN_OBJC_ROOT_CLASS = YES_ERROR;
				CLANG_WARN_QUOTED_INCLUDE_IN_FRAMEWORK_HEADER = YES;
				CLANG_WARN_RANGE_LOOP_ANALYSIS = YES;
				CLANG_WARN_STRICT_PROTOTYPES = YES;
				CLANG_WARN_SUSPICIOUS_MOVE = YES;
				CLANG_WARN_UNGUARDED_AVAILABILITY = YES_AGGRESSIVE;
				CLANG_WARN_UNREACHABLE_CODE = YES;
				CLANG_WARN__DUPLICATE_METHOD_MATCH = YES;
				COPY_PHASE_STRIP = NO;
				DEBUG_INFORMATION_FORMAT = "dwarf-with-dsym";
				ENABLE_NS_ASSERTIONS = NO;
				ENABLE_STRICT_OBJC_MSGSEND = YES;
				GCC_C_LANGUAGE_STANDARD = gnu11;
				GCC_NO_COMMON_BLOCKS = YES;
				GCC_WARN_64_TO_32_BIT_CONVERSION = YES;
				GCC_WARN_ABOUT_RETURN_TYPE = YES_ERROR;
				GCC_WARN_UNDECLARED_SELECTOR = YES;
				GCC_WARN_UNINITIALIZED_AUTOS = YES_AGGRESSIVE;
				GCC_WARN_UNUSED_FUNCTION = YES;
				GCC_WARN_UNUSED_VARIABLE = YES;
				IPHONEOS_DEPLOYMENT_TARGET = 14.5;
				MTL_ENABLE_DEBUG_INFO = NO;
				MTL_FAST_MATH = YES;
				SDKROOT = iphoneos;
				SWIFT_COMPILATION_MODE = wholemodule;
				SWIFT_OPTIMIZATION_LEVEL = "-O";
				VALIDATE_PRODUCT = YES;
			};
			name = Release;
		};
		8B088E9E268874DF00BAC652 /* Debug */ = {
			isa = XCBuildConfiguration;
			buildSettings = {
				ASSETCATALOG_COMPILER_APPICON_NAME = AppIcon;
				ASSETCATALOG_COMPILER_GLOBAL_ACCENT_COLOR_NAME = AccentColor;
				CODE_SIGN_STYLE = Automatic;
				DEVELOPMENT_TEAM = X8XCNQ4UQR;
				INFOPLIST_FILE = AlphaSound/Info.plist;
				LD_RUNPATH_SEARCH_PATHS = (
					"$(inherited)",
					"@executable_path/Frameworks",
				);
				PRODUCT_BUNDLE_IDENTIFIER = alphasonichd.AlphaSound;
				PRODUCT_NAME = "$(TARGET_NAME)";
				SWIFT_VERSION = 5.0;
				TARGETED_DEVICE_FAMILY = "1,2";
			};
			name = Debug;
		};
		8B088E9F268874DF00BAC652 /* Release */ = {
			isa = XCBuildConfiguration;
			buildSettings = {
				ASSETCATALOG_COMPILER_APPICON_NAME = AppIcon;
				ASSETCATALOG_COMPILER_GLOBAL_ACCENT_COLOR_NAME = AccentColor;
				CODE_SIGN_STYLE = Automatic;
				DEVELOPMENT_TEAM = X8XCNQ4UQR;
				INFOPLIST_FILE = AlphaSound/Info.plist;
				LD_RUNPATH_SEARCH_PATHS = (
					"$(inherited)",
					"@executable_path/Frameworks",
				);
				PRODUCT_BUNDLE_IDENTIFIER = alphasonichd.AlphaSound;
				PRODUCT_NAME = "$(TARGET_NAME)";
				SWIFT_VERSION = 5.0;
				TARGETED_DEVICE_FAMILY = "1,2";
			};
			name = Release;
		};
/* End XCBuildConfiguration section */

/* Begin XCConfigurationList section */
		8B088E84268874D800BAC652 /* Build configuration list for PBXProject "AlphaSound" */ = {
			isa = XCConfigurationList;
			buildConfigurations = (
				8B088E9B268874DF00BAC652 /* Debug */,
				8B088E9C268874DF00BAC652 /* Release */,
			);
			defaultConfigurationIsVisible = 0;
			defaultConfigurationName = Release;
		};
		8B088E9D268874DF00BAC652 /* Build configuration list for PBXNativeTarget "AlphaSound" */ = {
			isa = XCConfigurationList;
			buildConfigurations = (
				8B088E9E268874DF00BAC652 /* Debug */,
				8B088E9F268874DF00BAC652 /* Release */,
			);
			defaultConfigurationIsVisible = 0;
			defaultConfigurationName = Release;
		};
/* End XCConfigurationList section */
	};
	rootObject = 8B088E81268874D800BAC652 /* Project object */;
}
